
Microsoft Visual Studio Solution File, Format Version 12.00
# Visual Studio Version 17
VisualStudioVersion = 17.14.36518.9 d17.14
MinimumVisualStudioVersion = 10.0.40219.1
Project("{FAE04EC0-301F-11D3-BF4B-00C04F79EFBC}") = "trashegimia_oop", "trashegimia_oop\trashegimia_oop.csproj", "{366E10DC-6319-4B3F-B2D5-4FDCC3DFF3CB}"
EndProject
Global
	GlobalSection(SolutionConfigurationPlatforms) = preSolution
		Debug|Any CPU = Debug|Any CPU
		Release|Any CPU = Release|Any CPU
	EndGlobalSection
	GlobalSection(ProjectConfigurationPlatforms) = postSolution
		{366E10DC-6319-4B3F-B2D5-4FDCC3DFF3CB}.Debug|Any CPU.ActiveCfg = Debug|Any CPU
		{366E10DC-6319-4B3F-B2D5-4FDCC3DFF3CB}.Debug|Any CPU.Build.0 = Debug|Any CPU
		{366E10DC-6319-4B3F-B2D5-4FDCC3DFF3CB}.Release|Any CPU.ActiveCfg = Release|Any CPU
		{366E10DC-6319-4B3F-B2D5-4FDCC3DFF3CB}.Release|Any CPU.Build.0 = Release|Any CPU
	EndGlobalSection
	GlobalSection(SolutionProperties) = preSolution
		HideSolutionNode = FALSE
	EndGlobalSection
	GlobalSection(ExtensibilityGlobals) = postSolution
		SolutionGuid = {2BE71BDD-5E23-4D91-BFA6-177C5E48E527}
	EndGlobalSection
EndGlobal
