
Microsoft Visual Studio Solution File, Format Version 12.00
# Visual Studio Version 17
VisualStudioVersion = 17.14.36518.9 d17.14
MinimumVisualStudioVersion = 10.0.40219.1
Project("{FAE04EC0-301F-11D3-BF4B-00C04F79EFBC}") = "libraria", "libraria\libraria.csproj", "{8092277F-798A-47B2-999D-027F955B54EA}"
EndProject
Global
	GlobalSection(SolutionConfigurationPlatforms) = preSolution
		Debug|Any CPU = Debug|Any CPU
		Release|Any CPU = Release|Any CPU
	EndGlobalSection
	GlobalSection(ProjectConfigurationPlatforms) = postSolution
		{8092277F-798A-47B2-999D-027F955B54EA}.Debug|Any CPU.ActiveCfg = Debug|Any CPU
		{8092277F-798A-47B2-999D-027F955B54EA}.Debug|Any CPU.Build.0 = Debug|Any CPU
		{8092277F-798A-47B2-999D-027F955B54EA}.Release|Any CPU.ActiveCfg = Release|Any CPU
		{8092277F-798A-47B2-999D-027F955B54EA}.Release|Any CPU.Build.0 = Release|Any CPU
	EndGlobalSection
	GlobalSection(SolutionProperties) = preSolution
		HideSolutionNode = FALSE
	EndGlobalSection
	GlobalSection(ExtensibilityGlobals) = postSolution
		SolutionGuid = {AA1BDD73-37E1-4106-8F0F-636EC8F74C60}
	EndGlobalSection
EndGlobal
